
Microsoft Visual Studio Solution File, Format Version 12.00
# Visual Studio Version 16
VisualStudioVersion = 16.0.30907.101
MinimumVisualStudioVersion = 10.0.40219.1
Project("{FAE04EC0-301F-11D3-BF4B-00C04F79EFBC}") = "Assembly-CSharp", "Assembly-CSharp.csproj", "{BAFEAC3B-2EC1-F63A-F8A9-3AF38EED115D}"
EndProject
Global
	GlobalSection(SolutionConfigurationPlatforms) = preSolution
		Debug|Any CPU = Debug|Any CPU
		Release|Any CPU = Release|Any CPU
	EndGlobalSection
	GlobalSection(ProjectConfigurationPlatforms) = postSolution
		{BAFEAC3B-2EC1-F63A-F8A9-3AF38EED115D}.Debug|Any CPU.ActiveCfg = Debug|Any CPU
		{BAFEAC3B-2EC1-F63A-F8A9-3AF38EED115D}.Debug|Any CPU.Build.0 = Debug|Any CPU
		{BAFEAC3B-2EC1-F63A-F8A9-3AF38EED115D}.Release|Any CPU.ActiveCfg = Release|Any CPU
		{BAFEAC3B-2EC1-F63A-F8A9-3AF38EED115D}.Release|Any CPU.Build.0 = Release|Any CPU
	EndGlobalSection
	GlobalSection(SolutionProperties) = preSolution
		HideSolutionNode = FALSE
	EndGlobalSection
	GlobalSection(ExtensibilityGlobals) = postSolution
		SolutionGuid = {AACD9474-2DED-40CF-B28A-60FC4079C39B}
	EndGlobalSection
EndGlobal
